
Microsoft Visual Studio Solution File, Format Version 12.00
# Visual Studio Version 16
VisualStudioVersion = 16.0.28917.181
MinimumVisualStudioVersion = 10.0.40219.1
Project("{FAE04EC0-301F-11D3-BF4B-00C04F79EFBC}") = "ConsoleAppCalculator", "ConsoleAppCalculator\ConsoleAppCalculator.csproj", "{05476043-2D19-4728-8A33-075B739BEF1B}"
EndProject
Global
	GlobalSection(SolutionConfigurationPlatforms) = preSolution
		Debug|Any CPU = Debug|Any CPU
		Release|Any CPU = Release|Any CPU
	EndGlobalSection
	GlobalSection(ProjectConfigurationPlatforms) = postSolution
		{05476043-2D19-4728-8A33-075B739BEF1B}.Debug|Any CPU.ActiveCfg = Debug|Any CPU
		{05476043-2D19-4728-8A33-075B739BEF1B}.Debug|Any CPU.Build.0 = Debug|Any CPU
		{05476043-2D19-4728-8A33-075B739BEF1B}.Release|Any CPU.ActiveCfg = Release|Any CPU
		{05476043-2D19-4728-8A33-075B739BEF1B}.Release|Any CPU.Build.0 = Release|Any CPU
	EndGlobalSection
	GlobalSection(SolutionProperties) = preSolution
		HideSolutionNode = FALSE
	EndGlobalSection
	GlobalSection(ExtensibilityGlobals) = postSolution
		SolutionGuid = {94782B95-8135-46D4-80CD-ACF809BE6323}
	EndGlobalSection
EndGlobal
